
Microsoft Visual Studio Solution File, Format Version 12.00
# Visual Studio Version 16
VisualStudioVersion = 16.0.31729.503
MinimumVisualStudioVersion = 10.0.40219.1
Project("{FAE04EC0-301F-11D3-BF4B-00C04F79EFBC}") = "Exerc_03", "Exerc_03\Exerc_03.csproj", "{38BD7FDA-45AC-42B4-BE21-B3BF0139AFA5}"
EndProject
Global
	GlobalSection(SolutionConfigurationPlatforms) = preSolution
		Debug|Any CPU = Debug|Any CPU
		Release|Any CPU = Release|Any CPU
	EndGlobalSection
	GlobalSection(ProjectConfigurationPlatforms) = postSolution
		{38BD7FDA-45AC-42B4-BE21-B3BF0139AFA5}.Debug|Any CPU.ActiveCfg = Debug|Any CPU
		{38BD7FDA-45AC-42B4-BE21-B3BF0139AFA5}.Debug|Any CPU.Build.0 = Debug|Any CPU
		{38BD7FDA-45AC-42B4-BE21-B3BF0139AFA5}.Release|Any CPU.ActiveCfg = Release|Any CPU
		{38BD7FDA-45AC-42B4-BE21-B3BF0139AFA5}.Release|Any CPU.Build.0 = Release|Any CPU
	EndGlobalSection
	GlobalSection(SolutionProperties) = preSolution
		HideSolutionNode = FALSE
	EndGlobalSection
	GlobalSection(ExtensibilityGlobals) = postSolution
		SolutionGuid = {DA34D074-EE73-4C1D-A535-EDDB24B7CABF}
	EndGlobalSection
EndGlobal
